// !$*UTF8*$!
{
	archiveVersion = 1;
	classes = {
	};
	objectVersion = 46;
	objects = {

/* Begin PBXBuildFile section */
		156C71361A90031F00094C7B /* AppDelegate.swift in Sources */ = {isa = PBXBuildFile; fileRef = 156C71351A90031F00094C7B /* AppDelegate.swift */; };
		156C71381A90031F00094C7B /* ViewController.swift in Sources */ = {isa = PBXBuildFile; fileRef = 156C71371A90031F00094C7B /* ViewController.swift */; };
		156C713B1A90031F00094C7B /* Main.storyboard in Resources */ = {isa = PBXBuildFile; fileRef = 156C71391A90031F00094C7B /* Main.storyboard */; };
		156C713D1A90031F00094C7B /* Images.xcassets in Resources */ = {isa = PBXBuildFile; fileRef = 156C713C1A90031F00094C7B /* Images.xcassets */; };
		156C71401A90031F00094C7B /* LaunchScreen.xib in Resources */ = {isa = PBXBuildFile; fileRef = 156C713E1A90031F00094C7B /* LaunchScreen.xib */; };
		156C714C1A90031F00094C7B /* FunFacts2Tests.swift in Sources */ = {isa = PBXBuildFile; fileRef = 156C714B1A90031F00094C7B /* FunFacts2Tests.swift */; };
/* End PBXBuildFile section */

/* Begin PBXContainerItemProxy section */
		156C71461A90031F00094C7B /* PBXContainerItemProxy */ = {
			isa = PBXContainerItemProxy;
			containerPortal = 156C71281A90031F00094C7B /* Project object */;
			proxyType = 1;
			remoteGlobalIDString = 156C712F1A90031F00094C7B;
			remoteInfo = FunFacts2;
		};
/* End PBXContainerItemProxy section */

/* Begin PBXFileReference section */
		156C71301A90031F00094C7B /* FunFacts2.app */ = {isa = PBXFileReference; explicitFileType = wrapper.application; includeInIndex = 0; path = FunFacts2.app; sourceTree = BUILT_PRODUCTS_DIR; };
		156C71341A90031F00094C7B /* Info.plist */ = {isa = PBXFileReference; lastKnownFileType = text.plist.xml; path = Info.plist; sourceTree = "<group>"; };
		156C71351A90031F00094C7B /* AppDelegate.swift */ = {isa = PBXFileReference; lastKnownFileType = sourcecode.swift; path = AppDelegate.swift; sourceTree = "<group>"; };
		156C71371A90031F00094C7B /* ViewController.swift */ = {isa = PBXFileReference; lastKnownFileType = sourcecode.swift; path = ViewController.swift; sourceTree = "<group>"; };
		156C713A1A90031F00094C7B /* Base */ = {isa = PBXFileReference; lastKnownFileType = file.storyboard; name = Base; path = Base.lproj/Main.storyboard; sourceTree = "<group>"; };
		156C713C1A90031F00094C7B /* Images.xcassets */ = {isa = PBXFileReference; lastKnownFileType = folder.assetcatalog; path = Images.xcassets; sourceTree = "<group>"; };
		156C713F1A90031F00094C7B /* Base */ = {isa = PBXFileReference; lastKnownFileType = file.xib; name = Base; path = Base.lproj/LaunchScreen.xib; sourceTree = "<group>"; };
		156C71451A90031F00094C7B /* FunFacts2Tests.xctest */ = {isa = PBXFileReference; explicitFileType = wrapper.cfbundle; includeInIndex = 0; path = FunFacts2Tests.xctest; sourceTree = BUILT_PRODUCTS_DIR; };
		156C714A1A90031F00094C7B /* Info.plist */ = {isa = PBXFileReference; lastKnownFileType = text.plist.xml; path = Info.plist; sourceTree = "<group>"; };
		156C714B1A90031F00094C7B /* FunFacts2Tests.swift */ = {isa = PBXFileReference; lastKnownFileType = sourcecode.swift; path = FunFacts2Tests.swift; sourceTree = "<group>"; };
/* End PBXFileReference section */

/* Begin PBXFrameworksBuildPhase section */
		156C712D1A90031F00094C7B /* Frameworks */ = {
			isa = PBXFrameworksBuildPhase;
			buildActionMask = 2147483647;
			files = (
			);
			runOnlyForDeploymentPostprocessing = 0;
		};
		156C71421A90031F00094C7B /* Frameworks */ = {
			isa = PBXFrameworksBuildPhase;
			buildActionMask = 2147483647;
			files = (
			);
			runOnlyForDeploymentPostprocessing = 0;
		};
/* End PBXFrameworksBuildPhase section */

/* Begin PBXGroup section */
		156C71271A90031F00094C7B = {
			isa = PBXGroup;
			children = (
				156C71321A90031F00094C7B /* FunFacts2 */,
				156C71481A90031F00094C7B /* FunFacts2Tests */,
				156C71311A90031F00094C7B /* Products */,
			);
			sourceTree = "<group>";
		};
		156C71311A90031F00094C7B /* Products */ = {
			isa = PBXGroup;
			children = (
				156C71301A90031F00094C7B /* FunFacts2.app */,
				156C71451A90031F00094C7B /* FunFacts2Tests.xctest */,
			);
			name = Products;
			sourceTree = "<group>";
		};
		156C71321A90031F00094C7B /* FunFacts2 */ = {
			isa = PBXGroup;
			children = (
				156C71351A90031F00094C7B /* AppDelegate.swift */,
				156C71371A90031F00094C7B /* ViewController.swift */,
				156C71391A90031F00094C7B /* Main.storyboard */,
				156C713C1A90031F00094C7B /* Images.xcassets */,
				156C713E1A90031F00094C7B /* LaunchScreen.xib */,
				156C71331A90031F00094C7B /* Supporting Files */,
			);
			path = FunFacts2;
			sourceTree = "<group>";
		};
		156C71331A90031F00094C7B /* Supporting Files */ = {
			isa = PBXGroup;
			children = (
				156C71341A90031F00094C7B /* Info.plist */,
			);
			name = "Supporting Files";
			sourceTree = "<group>";
		};
		156C71481A90031F00094C7B /* FunFacts2Tests */ = {
			isa = PBXGroup;
			children = (
				156C714B1A90031F00094C7B /* FunFacts2Tests.swift */,
				156C71491A90031F00094C7B /* Supporting Files */,
			);
			path = FunFacts2Tests;
			sourceTree = "<group>";
		};
		156C71491A90031F00094C7B /* Supporting Files */ = {
			isa = PBXGroup;
			children = (
				156C714A1A90031F00094C7B /* Info.plist */,
			);
			name = "Supporting Files";
			sourceTree = "<group>";
		};
/* End PBXGroup section */

/* Begin PBXNativeTarget section */
		156C712F1A90031F00094C7B /* FunFacts2 */ = {
			isa = PBXNativeTarget;
			buildConfigurationList = 156C714F1A90031F00094C7B /* Build configuration list for PBXNativeTarget "FunFacts2" */;
			buildPhases = (
				156C712C1A90031F00094C7B /* Sources */,
				156C712D1A90031F00094C7B /* Frameworks */,
				156C712E1A90031F00094C7B /* Resources */,
			);
			buildRules = (
			);
			dependencies = (
			);
			name = FunFacts2;
			productName = FunFacts2;
			productReference = 156C71301A90031F00094C7B /* FunFacts2.app */;
			productType = "com.apple.product-type.application";
		};
		156C71441A90031F00094C7B /* FunFacts2Tests */ = {
			isa = PBXNativeTarget;
			buildConfigurationList = 156C71521A90031F00094C7B /* Build configuration list for PBXNativeTarget "FunFacts2Tests" */;
			buildPhases = (
				156C71411A90031F00094C7B /* Sources */,
				156C71421A90031F00094C7B /* Frameworks */,
				156C71431A90031F00094C7B /* Resources */,
			);
			buildRules = (
			);
			dependencies = (
				156C71471A90031F00094C7B /* PBXTargetDependency */,
			);
			name = FunFacts2Tests;
			productName = FunFacts2Tests;
			productReference = 156C71451A90031F00094C7B /* FunFacts2Tests.xctest */;
			productType = "com.apple.product-type.bundle.unit-test";
		};
/* End PBXNativeTarget section */

/* Begin PBXProject section */
		156C71281A90031F00094C7B /* Project object */ = {
			isa = PBXProject;
			attributes = {
				LastUpgradeCheck = 0610;
				ORGANIZATIONNAME = ChadDuffey;
				TargetAttributes = {
					156C712F1A90031F00094C7B = {
						CreatedOnToolsVersion = 6.1.1;
					};
					156C71441A90031F00094C7B = {
						CreatedOnToolsVersion = 6.1.1;
						TestTargetID = 156C712F1A90031F00094C7B;
					};
				};
			};
			buildConfigurationList = 156C712B1A90031F00094C7B /* Build configuration list for PBXProject "FunFacts2" */;
			compatibilityVersion = "Xcode 3.2";
			developmentRegion = English;
			hasScannedForEncodings = 0;
			knownRegions = (
				en,
				Base,
			);
			mainGroup = 156C71271A90031F00094C7B;
			productRefGroup = 156C71311A90031F00094C7B /* Products */;
			projectDirPath = "";
			projectRoot = "";
			targets = (
				156C712F1A90031F00094C7B /* FunFacts2 */,
				156C71441A90031F00094C7B /* FunFacts2Tests */,
			);
		};
/* End PBXProject section */

/* Begin PBXResourcesBuildPhase section */
		156C712E1A90031F00094C7B /* Resources */ = {
			isa = PBXResourcesBuildPhase;
			buildActionMask = 2147483647;
			files = (
				156C713B1A90031F00094C7B /* Main.storyboard in Resources */,
				156C71401A90031F00094C7B /* LaunchScreen.xib in Resources */,
				156C713D1A90031F00094C7B /* Images.xcassets in Resources */,
			);
			runOnlyForDeploymentPostprocessing = 0;
		};
		156C71431A90031F00094C7B /* Resources */ = {
			isa = PBXResourcesBuildPhase;
			buildActionMask = 2147483647;
			files = (
			);
			runOnlyForDeploymentPostprocessing = 0;
		};
/* End PBXResourcesBuildPhase section */

/* Begin PBXSourcesBuildPhase section */
		156C712C1A90031F00094C7B /* Sources */ = {
			isa = PBXSourcesBuildPhase;
			buildActionMask = 2147483647;
			files = (
				156C71381A90031F00094C7B /* ViewController.swift in Sources */,
				156C71361A90031F00094C7B /* AppDelegate.swift in Sources */,
			);
			runOnlyForDeploymentPostprocessing = 0;
		};
		156C71411A90031F00094C7B /* Sources */ = {
			isa = PBXSourcesBuildPhase;
			buildActionMask = 2147483647;
			files = (
				156C714C1A90031F00094C7B /* FunFacts2Tests.swift in Sources */,
			);
			runOnlyForDeploymentPostprocessing = 0;
		};
/* End PBXSourcesBuildPhase section */

/* Begin PBXTargetDependency section */
		156C71471A90031F00094C7B /* PBXTargetDependency */ = {
			isa = PBXTargetDependency;
			target = 156C712F1A90031F00094C7B /* FunFacts2 */;
			targetProxy = 156C71461A90031F00094C7B /* PBXContainerItemProxy */;
		};
/* End PBXTargetDependency section */

/* Begin PBXVariantGroup section */
		156C71391A90031F00094C7B /* Main.storyboard */ = {
			isa = PBXVariantGroup;
			children = (
				156C713A1A90031F00094C7B /* Base */,
			);
			name = Main.storyboard;
			sourceTree = "<group>";
		};
		156C713E1A90031F00094C7B /* LaunchScreen.xib */ = {
			isa = PBXVariantGroup;
			children = (
				156C713F1A90031F00094C7B /* Base */,
			);
			name = LaunchScreen.xib;
			sourceTree = "<group>";
		};
/* End PBXVariantGroup section */

/* Begin XCBuildConfiguration section */
		156C714D1A90031F00094C7B /* Debug */ = {
			isa = XCBuildConfiguration;
			buildSettings = {
				ALWAYS_SEARCH_USER_PATHS = NO;
				CLANG_CXX_LANGUAGE_STANDARD = "gnu++0x";
				CLANG_CXX_LIBRARY = "libc++";
				CLANG_ENABLE_MODULES = YES;
				CLANG_ENABLE_OBJC_ARC = YES;
				CLANG_WARN_BOOL_CONVERSION = YES;
				CLANG_WARN_CONSTANT_CONVERSION = YES;
				CLANG_WARN_DIRECT_OBJC_ISA_USAGE = YES_ERROR;
				CLANG_WARN_EMPTY_BODY = YES;
				CLANG_WARN_ENUM_CONVERSION = YES;
				CLANG_WARN_INT_CONVERSION = YES;
				CLANG_WARN_OBJC_ROOT_CLASS = YES_ERROR;
				CLANG_WARN_UNREACHABLE_CODE = YES;
				CLANG_WARN__DUPLICATE_METHOD_MATCH = YES;
				"CODE_SIGN_IDENTITY[sdk=iphoneos*]" = "iPhone Developer";
				COPY_PHASE_STRIP = NO;
				ENABLE_STRICT_OBJC_MSGSEND = YES;
				GCC_C_LANGUAGE_STANDARD = gnu99;
				GCC_DYNAMIC_NO_PIC = NO;
				GCC_OPTIMIZATION_LEVEL = 0;
				GCC_PREPROCESSOR_DEFINITIONS = (
					"DEBUG=1",
					"$(inherited)",
				);
				GCC_SYMBOLS_PRIVATE_EXTERN = NO;
				GCC_WARN_64_TO_32_BIT_CONVERSION = YES;
				GCC_WARN_ABOUT_RETURN_TYPE = YES_ERROR;
				GCC_WARN_UNDECLARED_SELECTOR = YES;
				GCC_WARN_UNINITIALIZED_AUTOS = YES_AGGRESSIVE;
				GCC_WARN_UNUSED_FUNCTION = YES;
				GCC_WARN_UNUSED_VARIABLE = YES;
				IPHONEOS_DEPLOYMENT_TARGET = 8.1;
				MTL_ENABLE_DEBUG_INFO = YES;
				ONLY_ACTIVE_ARCH = YES;
				SDKROOT = iphoneos;
				SWIFT_OPTIMIZATION_LEVEL = "-Onone";
			};
			name = Debug;
		};
		156C714E1A90031F00094C7B /* Release */ = {
			isa = XCBuildConfiguration;
			buildSettings = {
				ALWAYS_SEARCH_USER_PATHS = NO;
				CLANG_CXX_LANGUAGE_STANDARD = "gnu++0x";
				CLANG_CXX_LIBRARY = "libc++";
				CLANG_ENABLE_MODULES = YES;
				CLANG_ENABLE_OBJC_ARC = YES;
				CLANG_WARN_BOOL_CONVERSION = YES;
				CLANG_WARN_CONSTANT_CONVERSION = YES;
				CLANG_WARN_DIRECT_OBJC_ISA_USAGE = YES_ERROR;
				CLANG_WARN_EMPTY_BODY = YES;
				CLANG_WARN_ENUM_CONVERSION = YES;
				CLANG_WARN_INT_CONVERSION = YES;
				CLANG_WARN_OBJC_ROOT_CLASS = YES_ERROR;
				CLANG_WARN_UNREACHABLE_CODE = YES;
				CLANG_WARN__DUPLICATE_METHOD_MATCH = YES;
				"CODE_SIGN_IDENTITY[sdk=iphoneos*]" = "iPhone Developer";
				COPY_PHASE_STRIP = YES;
				ENABLE_NS_ASSERTIONS = NO;
				ENABLE_STRICT_OBJC_MSGSEND = YES;
				GCC_C_LANGUAGE_STANDARD = gnu99;
				GCC_WARN_64_TO_32_BIT_CONVERSION = YES;
				GCC_WARN_ABOUT_RETURN_TYPE = YES_ERROR;
				GCC_WARN_UNDECLARED_SELECTOR = YES;
				GCC_WARN_UNINITIALIZED_AUTOS = YES_AGGRESSIVE;
				GCC_WARN_UNUSED_FUNCTION = YES;
				GCC_WARN_UNUSED_VARIABLE = YES;
				IPHONEOS_DEPLOYMENT_TARGET = 8.1;
				MTL_ENABLE_DEBUG_INFO = NO;
				SDKROOT = iphoneos;
				VALIDATE_PRODUCT = YES;
			};
			name = Release;
		};
		156C71501A90031F00094C7B /* Debug */ = {
			isa = XCBuildConfiguration;
			buildSettings = {
				ASSETCATALOG_COMPILER_APPICON_NAME = AppIcon;
				INFOPLIST_FILE = FunFacts2/Info.plist;
				LD_RUNPATH_SEARCH_PATHS = "$(inherited) @executable_path/Frameworks";
				PRODUCT_NAME = "$(TARGET_NAME)";
			};
			name = Debug;
		};
		156C71511A90031F00094C7B /* Release */ = {
			isa = XCBuildConfiguration;
			buildSettings = {
				ASSETCATALOG_COMPILER_APPICON_NAME = AppIcon;
				INFOPLIST_FILE = FunFacts2/Info.plist;
				LD_RUNPATH_SEARCH_PATHS = "$(inherited) @executable_path/Frameworks";
				PRODUCT_NAME = "$(TARGET_NAME)";
			};
			name = Release;
		};
		156C71531A90031F00094C7B /* Debug */ = {
			isa = XCBuildConfiguration;
			buildSettings = {
				BUNDLE_LOADER = "$(TEST_HOST)";
				FRAMEWORK_SEARCH_PATHS = (
					"$(SDKROOT)/Developer/Library/Frameworks",
					"$(inherited)",
				);
				GCC_PREPROCESSOR_DEFINITIONS = (
					"DEBUG=1",
					"$(inherited)",
				);
				INFOPLIST_FILE = FunFacts2Tests/Info.plist;
				LD_RUNPATH_SEARCH_PATHS = "$(inherited) @executable_path/Frameworks @loader_path/Frameworks";
				PRODUCT_NAME = "$(TARGET_NAME)";
				TEST_HOST = "$(BUILT_PRODUCTS_DIR)/FunFacts2.app/FunFacts2";
			};
			name = Debug;
		};
		156C71541A90031F00094C7B /* Release */ = {
			isa = XCBuildConfiguration;
			buildSettings = {
				BUNDLE_LOADER = "$(TEST_HOST)";
				FRAMEWORK_SEARCH_PATHS = (
					"$(SDKROOT)/Developer/Library/Frameworks",
					"$(inherited)",
				);
				INFOPLIST_FILE = FunFacts2Tests/Info.plist;
				LD_RUNPATH_SEARCH_PATHS = "$(inherited) @executable_path/Frameworks @loader_path/Frameworks";
				PRODUCT_NAME = "$(TARGET_NAME)";
				TEST_HOST = "$(BUILT_PRODUCTS_DIR)/FunFacts2.app/FunFacts2";
			};
			name = Release;
		};
/* End XCBuildConfiguration section */

/* Begin XCConfigurationList section */
		156C712B1A90031F00094C7B /* Build configuration list for PBXProject "FunFacts2" */ = {
			isa = XCConfigurationList;
			buildConfigurations = (
				156C714D1A90031F00094C7B /* Debug */,
				156C714E1A90031F00094C7B /* Release */,
			);
			defaultConfigurationIsVisible = 0;
			defaultConfigurationName = Release;
		};
		156C714F1A90031F00094C7B /* Build configuration list for PBXNativeTarget "FunFacts2" */ = {
			isa = XCConfigurationList;
			buildConfigurations = (
				156C71501A90031F00094C7B /* Debug */,
				156C71511A90031F00094C7B /* Release */,
			);
			defaultConfigurationIsVisible = 0;
		};
		156C71521A90031F00094C7B /* Build configuration list for PBXNativeTarget "FunFacts2Tests" */ = {
			isa = XCConfigurationList;
			buildConfigurations = (
				156C71531A90031F00094C7B /* Debug */,
				156C71541A90031F00094C7B /* Release */,
			);
			defaultConfigurationIsVisible = 0;
		};
/* End XCConfigurationList section */
	};
	rootObject = 156C71281A90031F00094C7B /* Project object */;
}
